
Microsoft Visual Studio Solution File, Format Version 12.00
# Visual Studio Version 17
VisualStudioVersion = 17.13.35825.156 d17.13
MinimumVisualStudioVersion = 10.0.40219.1
Project("{8BC9CEB8-8B4A-11D0-8D11-00A0C91BC942}") = "0325_Project", "0325_Project\0325_Project.vcxproj", "{411B427B-09EE-4840-8AFB-B2F21A53631B}"
EndProject
Project("{8BC9CEB8-8B4A-11D0-8D11-00A0C91BC942}") = "0325_Project2", "0325_Project2\0325_Project2.vcxproj", "{D02801C6-6F49-4AEB-9048-D84D5DDC4079}"
EndProject
Global
	GlobalSection(SolutionConfigurationPlatforms) = preSolution
		Debug|x64 = Debug|x64
		Debug|x86 = Debug|x86
		Release|x64 = Release|x64
		Release|x86 = Release|x86
	EndGlobalSection
	GlobalSection(ProjectConfigurationPlatforms) = postSolution
		{411B427B-09EE-4840-8AFB-B2F21A53631B}.Debug|x64.ActiveCfg = Debug|x64
		{411B427B-09EE-4840-8AFB-B2F21A53631B}.Debug|x64.Build.0 = Debug|x64
		{411B427B-09EE-4840-8AFB-B2F21A53631B}.Debug|x86.ActiveCfg = Debug|Win32
		{411B427B-09EE-4840-8AFB-B2F21A53631B}.Debug|x86.Build.0 = Debug|Win32
		{411B427B-09EE-4840-8AFB-B2F21A53631B}.Release|x64.ActiveCfg = Release|x64
		{411B427B-09EE-4840-8AFB-B2F21A53631B}.Release|x64.Build.0 = Release|x64
		{411B427B-09EE-4840-8AFB-B2F21A53631B}.Release|x86.ActiveCfg = Release|Win32
		{411B427B-09EE-4840-8AFB-B2F21A53631B}.Release|x86.Build.0 = Release|Win32
		{D02801C6-6F49-4AEB-9048-D84D5DDC4079}.Debug|x64.ActiveCfg = Debug|x64
		{D02801C6-6F49-4AEB-9048-D84D5DDC4079}.Debug|x64.Build.0 = Debug|x64
		{D02801C6-6F49-4AEB-9048-D84D5DDC4079}.Debug|x86.ActiveCfg = Debug|Win32
		{D02801C6-6F49-4AEB-9048-D84D5DDC4079}.Debug|x86.Build.0 = Debug|Win32
		{D02801C6-6F49-4AEB-9048-D84D5DDC4079}.Release|x64.ActiveCfg = Release|x64
		{D02801C6-6F49-4AEB-9048-D84D5DDC4079}.Release|x64.Build.0 = Release|x64
		{D02801C6-6F49-4AEB-9048-D84D5DDC4079}.Release|x86.ActiveCfg = Release|Win32
		{D02801C6-6F49-4AEB-9048-D84D5DDC4079}.Release|x86.Build.0 = Release|Win32
	EndGlobalSection
	GlobalSection(SolutionProperties) = preSolution
		HideSolutionNode = FALSE
	EndGlobalSection
	GlobalSection(ExtensibilityGlobals) = postSolution
		SolutionGuid = {A5784711-1F85-4B54-B008-504E5C292891}
	EndGlobalSection
EndGlobal
