
Microsoft Visual Studio Solution File, Format Version 12.00
# Visual Studio Version 17
VisualStudioVersion = 17.13.35825.156 d17.13
MinimumVisualStudioVersion = 10.0.40219.1
Project("{8BC9CEB8-8B4A-11D0-8D11-00A0C91BC942}") = "Queue_practice", "Queue_practice\Queue_practice.vcxproj", "{3EE7E14D-4DDC-4656-A924-12B931576CFC}"
EndProject
Global
	GlobalSection(SolutionConfigurationPlatforms) = preSolution
		Debug|x64 = Debug|x64
		Debug|x86 = Debug|x86
		Release|x64 = Release|x64
		Release|x86 = Release|x86
	EndGlobalSection
	GlobalSection(ProjectConfigurationPlatforms) = postSolution
		{3EE7E14D-4DDC-4656-A924-12B931576CFC}.Debug|x64.ActiveCfg = Debug|x64
		{3EE7E14D-4DDC-4656-A924-12B931576CFC}.Debug|x64.Build.0 = Debug|x64
		{3EE7E14D-4DDC-4656-A924-12B931576CFC}.Debug|x86.ActiveCfg = Debug|Win32
		{3EE7E14D-4DDC-4656-A924-12B931576CFC}.Debug|x86.Build.0 = Debug|Win32
		{3EE7E14D-4DDC-4656-A924-12B931576CFC}.Release|x64.ActiveCfg = Release|x64
		{3EE7E14D-4DDC-4656-A924-12B931576CFC}.Release|x64.Build.0 = Release|x64
		{3EE7E14D-4DDC-4656-A924-12B931576CFC}.Release|x86.ActiveCfg = Release|Win32
		{3EE7E14D-4DDC-4656-A924-12B931576CFC}.Release|x86.Build.0 = Release|Win32
	EndGlobalSection
	GlobalSection(SolutionProperties) = preSolution
		HideSolutionNode = FALSE
	EndGlobalSection
	GlobalSection(ExtensibilityGlobals) = postSolution
		SolutionGuid = {59342A3D-6C22-4790-994F-B34F20CE4FD3}
	EndGlobalSection
EndGlobal
